
Microsoft Visual Studio Solution File, Format Version 12.00
# Visual Studio 15
VisualStudioVersion = 15.0.26730.15
MinimumVisualStudioVersion = 10.0.40219.1
Project("{FAE04EC0-301F-11D3-BF4B-00C04F79EFBC}") = "BreakoutMonoGame", "BreakoutMonoGame\BreakoutMonoGame.csproj", "{BED79924-503D-481F-9BF9-8B2AA658BFF9}"
EndProject
Global
	GlobalSection(SolutionConfigurationPlatforms) = preSolution
		Debug|Any CPU = Debug|Any CPU
		Release|Any CPU = Release|Any CPU
	EndGlobalSection
	GlobalSection(ProjectConfigurationPlatforms) = postSolution
		{BED79924-503D-481F-9BF9-8B2AA658BFF9}.Debug|Any CPU.ActiveCfg = Debug|Any CPU
		{BED79924-503D-481F-9BF9-8B2AA658BFF9}.Debug|Any CPU.Build.0 = Debug|Any CPU
		{BED79924-503D-481F-9BF9-8B2AA658BFF9}.Release|Any CPU.ActiveCfg = Release|Any CPU
		{BED79924-503D-481F-9BF9-8B2AA658BFF9}.Release|Any CPU.Build.0 = Release|Any CPU
	EndGlobalSection
	GlobalSection(SolutionProperties) = preSolution
		HideSolutionNode = FALSE
	EndGlobalSection
	GlobalSection(ExtensibilityGlobals) = postSolution
		SolutionGuid = {FF69DB10-D0DA-499E-B321-B707D3739230}
	EndGlobalSection
EndGlobal
